
Microsoft Visual Studio Solution File, Format Version 12.00
# Visual Studio Version 17
VisualStudioVersion = 17.2.32630.192
MinimumVisualStudioVersion = 10.0.40219.1
Project("{FAE04EC0-301F-11D3-BF4B-00C04F79EFBC}") = "HelloWorld5", "HelloWorld5\HelloWorld5.csproj", "{88C80E87-B09F-4991-B039-E214C13AF8B8}"
EndProject
Global
	GlobalSection(SolutionConfigurationPlatforms) = preSolution
		Debug|Any CPU = Debug|Any CPU
		Release|Any CPU = Release|Any CPU
	EndGlobalSection
	GlobalSection(ProjectConfigurationPlatforms) = postSolution
		{88C80E87-B09F-4991-B039-E214C13AF8B8}.Debug|Any CPU.ActiveCfg = Debug|Any CPU
		{88C80E87-B09F-4991-B039-E214C13AF8B8}.Debug|Any CPU.Build.0 = Debug|Any CPU
		{88C80E87-B09F-4991-B039-E214C13AF8B8}.Release|Any CPU.ActiveCfg = Release|Any CPU
		{88C80E87-B09F-4991-B039-E214C13AF8B8}.Release|Any CPU.Build.0 = Release|Any CPU
	EndGlobalSection
	GlobalSection(SolutionProperties) = preSolution
		HideSolutionNode = FALSE
	EndGlobalSection
	GlobalSection(ExtensibilityGlobals) = postSolution
		SolutionGuid = {BCF38AE3-3B2E-4051-A5FF-ABCA720A26F9}
	EndGlobalSection
EndGlobal
